
Microsoft Visual Studio Solution File, Format Version 12.00
# Visual Studio 2012
Project("{FAE04EC0-301F-11D3-BF4B-00C04F79EFBC}") = "PhotoUtil.PsCmd", "PhotoUtil\PhotoUtil.PsCmd.csproj", "{2AD09FFB-7302-45A3-8875-C749DB734D2F}"
EndProject
Project("{FAE04EC0-301F-11D3-BF4B-00C04F79EFBC}") = "PhotoUtil.Tests", "PhotoUtil.Tests\PhotoUtil.Tests.csproj", "{A896C6E9-10F6-4C1C-B390-097C23009253}"
EndProject
Project("{2150E333-8FDC-42A3-9474-1A3956D46DE8}") = ".nuget", ".nuget", "{7573F693-AC96-4ADB-9345-030168227D34}"
	ProjectSection(SolutionItems) = preProject
		.nuget\NuGet.Config = .nuget\NuGet.Config
		.nuget\nuget.exe = .nuget\nuget.exe
		.nuget\NuGet.targets = .nuget\NuGet.targets
	EndProjectSection
EndProject
Project("{FAE04EC0-301F-11D3-BF4B-00C04F79EFBC}") = "PhotoUtil.UI", "PhotoUtil.UI\PhotoUtil.UI.csproj", "{030D6D96-3244-4D81-9C57-D2A8E4B72CEC}"
EndProject
Project("{FAE04EC0-301F-11D3-BF4B-00C04F79EFBC}") = "MediaOrganizer.Core", "MediaOrganizer.Core\MediaOrganizer.Core.csproj", "{0AFBB7F7-47B6-4C42-A5F0-388C259F16A8}"
EndProject
Global
	GlobalSection(SolutionConfigurationPlatforms) = preSolution
		Debug|Any CPU = Debug|Any CPU
		Debug|Mixed Platforms = Debug|Mixed Platforms
		Debug|x86 = Debug|x86
		Release|Any CPU = Release|Any CPU
		Release|Mixed Platforms = Release|Mixed Platforms
		Release|x86 = Release|x86
	EndGlobalSection
	GlobalSection(ProjectConfigurationPlatforms) = postSolution
		{2AD09FFB-7302-45A3-8875-C749DB734D2F}.Debug|Any CPU.ActiveCfg = Debug|x86
		{2AD09FFB-7302-45A3-8875-C749DB734D2F}.Debug|Mixed Platforms.ActiveCfg = Debug|x86
		{2AD09FFB-7302-45A3-8875-C749DB734D2F}.Debug|Mixed Platforms.Build.0 = Debug|x86
		{2AD09FFB-7302-45A3-8875-C749DB734D2F}.Debug|x86.ActiveCfg = Release|x86
		{2AD09FFB-7302-45A3-8875-C749DB734D2F}.Debug|x86.Build.0 = Release|x86
		{2AD09FFB-7302-45A3-8875-C749DB734D2F}.Release|Any CPU.ActiveCfg = Release|x86
		{2AD09FFB-7302-45A3-8875-C749DB734D2F}.Release|Mixed Platforms.ActiveCfg = Release|x86
		{2AD09FFB-7302-45A3-8875-C749DB734D2F}.Release|Mixed Platforms.Build.0 = Release|x86
		{2AD09FFB-7302-45A3-8875-C749DB734D2F}.Release|x86.ActiveCfg = Release|x86
		{2AD09FFB-7302-45A3-8875-C749DB734D2F}.Release|x86.Build.0 = Release|x86
		{A896C6E9-10F6-4C1C-B390-097C23009253}.Debug|Any CPU.ActiveCfg = Debug|Any CPU
		{A896C6E9-10F6-4C1C-B390-097C23009253}.Debug|Any CPU.Build.0 = Debug|Any CPU
		{A896C6E9-10F6-4C1C-B390-097C23009253}.Debug|Mixed Platforms.ActiveCfg = Debug|Any CPU
		{A896C6E9-10F6-4C1C-B390-097C23009253}.Debug|Mixed Platforms.Build.0 = Debug|Any CPU
		{A896C6E9-10F6-4C1C-B390-097C23009253}.Debug|x86.ActiveCfg = Debug|Any CPU
		{A896C6E9-10F6-4C1C-B390-097C23009253}.Release|Any CPU.ActiveCfg = Release|Any CPU
		{A896C6E9-10F6-4C1C-B390-097C23009253}.Release|Any CPU.Build.0 = Release|Any CPU
		{A896C6E9-10F6-4C1C-B390-097C23009253}.Release|Mixed Platforms.ActiveCfg = Release|Any CPU
		{A896C6E9-10F6-4C1C-B390-097C23009253}.Release|Mixed Platforms.Build.0 = Release|Any CPU
		{A896C6E9-10F6-4C1C-B390-097C23009253}.Release|x86.ActiveCfg = Release|Any CPU
		{030D6D96-3244-4D81-9C57-D2A8E4B72CEC}.Debug|Any CPU.ActiveCfg = Debug|Any CPU
		{030D6D96-3244-4D81-9C57-D2A8E4B72CEC}.Debug|Any CPU.Build.0 = Debug|Any CPU
		{030D6D96-3244-4D81-9C57-D2A8E4B72CEC}.Debug|Mixed Platforms.ActiveCfg = Debug|Any CPU
		{030D6D96-3244-4D81-9C57-D2A8E4B72CEC}.Debug|Mixed Platforms.Build.0 = Debug|Any CPU
		{030D6D96-3244-4D81-9C57-D2A8E4B72CEC}.Debug|x86.ActiveCfg = Debug|Any CPU
		{030D6D96-3244-4D81-9C57-D2A8E4B72CEC}.Release|Any CPU.ActiveCfg = Release|Any CPU
		{030D6D96-3244-4D81-9C57-D2A8E4B72CEC}.Release|Any CPU.Build.0 = Release|Any CPU
		{030D6D96-3244-4D81-9C57-D2A8E4B72CEC}.Release|Mixed Platforms.ActiveCfg = Release|Any CPU
		{030D6D96-3244-4D81-9C57-D2A8E4B72CEC}.Release|Mixed Platforms.Build.0 = Release|Any CPU
		{030D6D96-3244-4D81-9C57-D2A8E4B72CEC}.Release|x86.ActiveCfg = Release|Any CPU
		{0AFBB7F7-47B6-4C42-A5F0-388C259F16A8}.Debug|Any CPU.ActiveCfg = Debug|Any CPU
		{0AFBB7F7-47B6-4C42-A5F0-388C259F16A8}.Debug|Any CPU.Build.0 = Debug|Any CPU
		{0AFBB7F7-47B6-4C42-A5F0-388C259F16A8}.Debug|Mixed Platforms.ActiveCfg = Debug|Any CPU
		{0AFBB7F7-47B6-4C42-A5F0-388C259F16A8}.Debug|Mixed Platforms.Build.0 = Debug|Any CPU
		{0AFBB7F7-47B6-4C42-A5F0-388C259F16A8}.Debug|x86.ActiveCfg = Debug|Any CPU
		{0AFBB7F7-47B6-4C42-A5F0-388C259F16A8}.Release|Any CPU.ActiveCfg = Release|Any CPU
		{0AFBB7F7-47B6-4C42-A5F0-388C259F16A8}.Release|Any CPU.Build.0 = Release|Any CPU
		{0AFBB7F7-47B6-4C42-A5F0-388C259F16A8}.Release|Mixed Platforms.ActiveCfg = Release|Any CPU
		{0AFBB7F7-47B6-4C42-A5F0-388C259F16A8}.Release|Mixed Platforms.Build.0 = Release|Any CPU
		{0AFBB7F7-47B6-4C42-A5F0-388C259F16A8}.Release|x86.ActiveCfg = Release|Any CPU
	EndGlobalSection
	GlobalSection(SolutionProperties) = preSolution
		HideSolutionNode = FALSE
	EndGlobalSection
EndGlobal
